
Microsoft Visual Studio Solution File, Format Version 12.00
# Visual Studio Version 16
VisualStudioVersion = 16.0.29230.47
MinimumVisualStudioVersion = 10.0.40219.1
Project("{FAE04EC0-301F-11D3-BF4B-00C04F79EFBC}") = "AnyoneForTennisApp", "AnyoneForTennisApp\AnyoneForTennisApp.csproj", "{272F8369-8C1A-435A-9282-B3EECE25E13E}"
EndProject
Global
	GlobalSection(SolutionConfigurationPlatforms) = preSolution
		Debug|Any CPU = Debug|Any CPU
		Release|Any CPU = Release|Any CPU
	EndGlobalSection
	GlobalSection(ProjectConfigurationPlatforms) = postSolution
		{272F8369-8C1A-435A-9282-B3EECE25E13E}.Debug|Any CPU.ActiveCfg = Debug|Any CPU
		{272F8369-8C1A-435A-9282-B3EECE25E13E}.Debug|Any CPU.Build.0 = Debug|Any CPU
		{272F8369-8C1A-435A-9282-B3EECE25E13E}.Release|Any CPU.ActiveCfg = Release|Any CPU
		{272F8369-8C1A-435A-9282-B3EECE25E13E}.Release|Any CPU.Build.0 = Release|Any CPU
	EndGlobalSection
	GlobalSection(SolutionProperties) = preSolution
		HideSolutionNode = FALSE
	EndGlobalSection
	GlobalSection(ExtensibilityGlobals) = postSolution
		SolutionGuid = {90A629C2-6281-46F6-8F00-33CC367D4342}
	EndGlobalSection
EndGlobal
